// !$*UTF8*$!
{
	archiveVersion = 1;
	classes = {
	};
	objectVersion = 48;
	objects = {

/* Begin PBXBuildFile section */
		1A10A9BC23AB642BECE50EE8 /* Pods_CodeBuddyUITests.framework in Frameworks */ = {isa = PBXBuildFile; fileRef = 775CBD78119A940884AA340C /* Pods_CodeBuddyUITests.framework */; };
		84021A292192CDF000E5C0F9 /* JGProgressHUD-master in Resources */ = {isa = PBXBuildFile; fileRef = 84021A282192CDF000E5C0F9 /* JGProgressHUD-master */; };
		84021A332192CF3700E5C0F9 /* JGProgressHUD.framework in Frameworks */ = {isa = PBXBuildFile; fileRef = 84021A302192CF2000E5C0F9 /* JGProgressHUD.framework */; };
		84021A342192CF3700E5C0F9 /* JGProgressHUD.framework in Embed Frameworks */ = {isa = PBXBuildFile; fileRef = 84021A302192CF2000E5C0F9 /* JGProgressHUD.framework */; settings = {ATTRIBUTES = (CodeSignOnCopy, RemoveHeadersOnCopy, ); }; };
		8410CDD920D208610069F632 /* LoginViewController.swift in Sources */ = {isa = PBXBuildFile; fileRef = 8410CDD820D208610069F632 /* LoginViewController.swift */; };
		8418807221917A6300AD9435 /* ProgressHUD.bundle in Resources */ = {isa = PBXBuildFile; fileRef = 8418806E21917A5F00AD9435 /* ProgressHUD.bundle */; };
		8418807321917A6300AD9435 /* ProgressHUD-master in Resources */ = {isa = PBXBuildFile; fileRef = 8418806F21917A6000AD9435 /* ProgressHUD-master */; };
		8418807421917A6300AD9435 /* ProgressHUD.m in Sources */ = {isa = PBXBuildFile; fileRef = 8418807021917A6100AD9435 /* ProgressHUD.m */; };
		84198C9C2076CC1F003D6A28 /* AppDelegate.swift in Sources */ = {isa = PBXBuildFile; fileRef = 84198C9B2076CC1F003D6A28 /* AppDelegate.swift */; };
		84198CA32076CC1F003D6A28 /* Start.storyboard in Resources */ = {isa = PBXBuildFile; fileRef = 84198CA12076CC1F003D6A28 /* Start.storyboard */; };
		84198CA52076CC1F003D6A28 /* Assets.xcassets in Resources */ = {isa = PBXBuildFile; fileRef = 84198CA42076CC1F003D6A28 /* Assets.xcassets */; };
		84198CB32076CC20003D6A28 /* CodeBuddyTests.swift in Sources */ = {isa = PBXBuildFile; fileRef = 84198CB22076CC20003D6A28 /* CodeBuddyTests.swift */; };
		84198CBE2076CC20003D6A28 /* CodeBuddyUITests.swift in Sources */ = {isa = PBXBuildFile; fileRef = 84198CBD2076CC20003D6A28 /* CodeBuddyUITests.swift */; };
		8421A00E20DC9C1D0082A273 /* GoogleService-Info.plist in Resources */ = {isa = PBXBuildFile; fileRef = 8421A00D20DC9C1D0082A273 /* GoogleService-Info.plist */; };
		842FA41020A2EB60006201C6 /* iconbeast-lite-300 in Resources */ = {isa = PBXBuildFile; fileRef = 842FA40E20A2EB5F006201C6 /* iconbeast-lite-300 */; };
		842FA41120A2EB60006201C6 /* iconbeast-lite-200 in Resources */ = {isa = PBXBuildFile; fileRef = 842FA40F20A2EB60006201C6 /* iconbeast-lite-200 */; };
		8435000020D2548400B04782 /* SignUpViewController.swift in Sources */ = {isa = PBXBuildFile; fileRef = 8435FFFF20D2548400B04782 /* SignUpViewController.swift */; };
		8498369E214A180900FC69BB /* Extensions.swift in Sources */ = {isa = PBXBuildFile; fileRef = 8498369D214A180900FC69BB /* Extensions.swift */; };
		84AD97A1210C7D3C00FC35F6 /* SplashView.swift in Sources */ = {isa = PBXBuildFile; fileRef = 84AD97A0210C7D3C00FC35F6 /* SplashView.swift */; };
		84F7115B20DB5F4700391A4F /* HomeViewController.swift in Sources */ = {isa = PBXBuildFile; fileRef = 84F7115A20DB5F4700391A4F /* HomeViewController.swift */; };
		84F7115D20DB5F6500391A4F /* NetworkViewController.swift in Sources */ = {isa = PBXBuildFile; fileRef = 84F7115C20DB5F6500391A4F /* NetworkViewController.swift */; };
		84F7115F20DB5F7000391A4F /* PostViewController.swift in Sources */ = {isa = PBXBuildFile; fileRef = 84F7115E20DB5F7000391A4F /* PostViewController.swift */; };
		84F7116120DB5F9800391A4F /* WorldViewController.swift in Sources */ = {isa = PBXBuildFile; fileRef = 84F7116020DB5F9800391A4F /* WorldViewController.swift */; };
		84F7116320DB5FA500391A4F /* MeViewController.swift in Sources */ = {isa = PBXBuildFile; fileRef = 84F7116220DB5FA500391A4F /* MeViewController.swift */; };
		84F7116520DC619400391A4F /* SplashViewController.swift in Sources */ = {isa = PBXBuildFile; fileRef = 84F7116420DC619400391A4F /* SplashViewController.swift */; };
		84FECC55218ADB4F005F37E2 /* AuthService.swift in Sources */ = {isa = PBXBuildFile; fileRef = 84FECC54218ADB4F005F37E2 /* AuthService.swift */; };
		84FECC57218AE8EA005F37E2 /* Config.swift in Sources */ = {isa = PBXBuildFile; fileRef = 84FECC56218AE8EA005F37E2 /* Config.swift */; };
		92E849003DB9F263396A3810 /* Pods_CodeBuddyTests.framework in Frameworks */ = {isa = PBXBuildFile; fileRef = B00B19877BDD1ABFB4977141 /* Pods_CodeBuddyTests.framework */; };
		C369064A38B3D43765579C96 /* Pods_CodeBuddy.framework in Frameworks */ = {isa = PBXBuildFile; fileRef = EB9AF9FB9F57BD045B1D8576 /* Pods_CodeBuddy.framework */; };
/* End PBXBuildFile section */

/* Begin PBXContainerItemProxy section */
		84021A2F2192CF2000E5C0F9 /* PBXContainerItemProxy */ = {
			isa = PBXContainerItemProxy;
			containerPortal = 84021A2A2192CF2000E5C0F9 /* JGProgressHUD.xcodeproj */;
			proxyType = 2;
			remoteGlobalIDString = 6BF7DC5A1AEFCFD9000A0AE0;
			remoteInfo = "JGProgressHUD-iOS";
		};
		84021A312192CF2000E5C0F9 /* PBXContainerItemProxy */ = {
			isa = PBXContainerItemProxy;
			containerPortal = 84021A2A2192CF2000E5C0F9 /* JGProgressHUD.xcodeproj */;
			proxyType = 2;
			remoteGlobalIDString = 6BABF9A31F7A6133005E783F;
			remoteInfo = "JGProgressHUD-tvOS";
		};
		84021A352192CF3700E5C0F9 /* PBXContainerItemProxy */ = {
			isa = PBXContainerItemProxy;
			containerPortal = 84021A2A2192CF2000E5C0F9 /* JGProgressHUD.xcodeproj */;
			proxyType = 1;
			remoteGlobalIDString = 6BF7DC591AEFCFD9000A0AE0;
			remoteInfo = "JGProgressHUD-iOS";
		};
		84198CAF2076CC1F003D6A28 /* PBXContainerItemProxy */ = {
			isa = PBXContainerItemProxy;
			containerPortal = 84198C902076CC1F003D6A28 /* Project object */;
			proxyType = 1;
			remoteGlobalIDString = 84198C972076CC1F003D6A28;
			remoteInfo = CodeBuddy;
		};
		84198CBA2076CC20003D6A28 /* PBXContainerItemProxy */ = {
			isa = PBXContainerItemProxy;
			containerPortal = 84198C902076CC1F003D6A28 /* Project object */;
			proxyType = 1;
			remoteGlobalIDString = 84198C972076CC1F003D6A28;
			remoteInfo = CodeBuddy;
		};
/* End PBXContainerItemProxy section */

/* Begin PBXCopyFilesBuildPhase section */
		84021A372192CF3700E5C0F9 /* Embed Frameworks */ = {
			isa = PBXCopyFilesBuildPhase;
			buildActionMask = 2147483647;
			dstPath = "";
			dstSubfolderSpec = 10;
			files = (
				84021A342192CF3700E5C0F9 /* JGProgressHUD.framework in Embed Frameworks */,
			);
			name = "Embed Frameworks";
			runOnlyForDeploymentPostprocessing = 0;
		};
/* End PBXCopyFilesBuildPhase section */

/* Begin PBXFileReference section */
		5D65B6B2D8606A0C176AABF5 /* Pods-CodeBuddy.release.xcconfig */ = {isa = PBXFileReference; includeInIndex = 1; lastKnownFileType = text.xcconfig; name = "Pods-CodeBuddy.release.xcconfig"; path = "Pods/Target Support Files/Pods-CodeBuddy/Pods-CodeBuddy.release.xcconfig"; sourceTree = "<group>"; };
		6A9783962336BC1AB2497854 /* Pods-CodeBuddyTests.release.xcconfig */ = {isa = PBXFileReference; includeInIndex = 1; lastKnownFileType = text.xcconfig; name = "Pods-CodeBuddyTests.release.xcconfig"; path = "Pods/Target Support Files/Pods-CodeBuddyTests/Pods-CodeBuddyTests.release.xcconfig"; sourceTree = "<group>"; };
		775CBD78119A940884AA340C /* Pods_CodeBuddyUITests.framework */ = {isa = PBXFileReference; explicitFileType = wrapper.framework; includeInIndex = 0; path = Pods_CodeBuddyUITests.framework; sourceTree = BUILT_PRODUCTS_DIR; };
		7D056495509A0623CA61BE97 /* Pods-CodeBuddy.debug.xcconfig */ = {isa = PBXFileReference; includeInIndex = 1; lastKnownFileType = text.xcconfig; name = "Pods-CodeBuddy.debug.xcconfig"; path = "Pods/Target Support Files/Pods-CodeBuddy/Pods-CodeBuddy.debug.xcconfig"; sourceTree = "<group>"; };
		84021A282192CDF000E5C0F9 /* JGProgressHUD-master */ = {isa = PBXFileReference; lastKnownFileType = folder; path = "JGProgressHUD-master"; sourceTree = "<group>"; };
		84021A2A2192CF2000E5C0F9 /* JGProgressHUD.xcodeproj */ = {isa = PBXFileReference; lastKnownFileType = "wrapper.pb-project"; name = JGProgressHUD.xcodeproj; path = "JGProgressHUD-master/JGProgressHUD.xcodeproj"; sourceTree = "<group>"; };
		8410CDD820D208610069F632 /* LoginViewController.swift */ = {isa = PBXFileReference; lastKnownFileType = sourcecode.swift; path = LoginViewController.swift; sourceTree = "<group>"; };
		8418806C21917A5C00AD9435 /* CodeBuddy-Bridging-Header.h */ = {isa = PBXFileReference; lastKnownFileType = sourcecode.c.h; path = "CodeBuddy-Bridging-Header.h"; sourceTree = "<group>"; };
		8418806E21917A5F00AD9435 /* ProgressHUD.bundle */ = {isa = PBXFileReference; lastKnownFileType = "wrapper.plug-in"; path = ProgressHUD.bundle; sourceTree = "<group>"; };
		8418806F21917A6000AD9435 /* ProgressHUD-master */ = {isa = PBXFileReference; lastKnownFileType = folder; name = "ProgressHUD-master"; path = "../../../../Downloads/ProgressHUD-master"; sourceTree = "<group>"; };
		8418807021917A6100AD9435 /* ProgressHUD.m */ = {isa = PBXFileReference; fileEncoding = 4; lastKnownFileType = sourcecode.c.objc; path = ProgressHUD.m; sourceTree = "<group>"; };
		8418807621917B3200AD9435 /* ProgressHUD.h */ = {isa = PBXFileReference; lastKnownFileType = sourcecode.c.h; name = ProgressHUD.h; path = "../../../../Downloads/ProgressHUD-master/ProgressHUD.h"; sourceTree = "<group>"; };
		84198C982076CC1F003D6A28 /* CodeBuddy.app */ = {isa = PBXFileReference; explicitFileType = wrapper.application; includeInIndex = 0; path = CodeBuddy.app; sourceTree = BUILT_PRODUCTS_DIR; };
		84198C9B2076CC1F003D6A28 /* AppDelegate.swift */ = {isa = PBXFileReference; lastKnownFileType = sourcecode.swift; path = AppDelegate.swift; sourceTree = "<group>"; };
		84198CA22076CC1F003D6A28 /* Base */ = {isa = PBXFileReference; lastKnownFileType = file.storyboard; name = Base; path = Base.lproj/Start.storyboard; sourceTree = "<group>"; };
		84198CA42076CC1F003D6A28 /* Assets.xcassets */ = {isa = PBXFileReference; lastKnownFileType = folder.assetcatalog; path = Assets.xcassets; sourceTree = "<group>"; };
		84198CA92076CC1F003D6A28 /* Info.plist */ = {isa = PBXFileReference; lastKnownFileType = text.plist.xml; path = Info.plist; sourceTree = "<group>"; };
		84198CAE2076CC1F003D6A28 /* CodeBuddyTests.xctest */ = {isa = PBXFileReference; explicitFileType = wrapper.cfbundle; includeInIndex = 0; path = CodeBuddyTests.xctest; sourceTree = BUILT_PRODUCTS_DIR; };
		84198CB22076CC20003D6A28 /* CodeBuddyTests.swift */ = {isa = PBXFileReference; lastKnownFileType = sourcecode.swift; path = CodeBuddyTests.swift; sourceTree = "<group>"; };
		84198CB42076CC20003D6A28 /* Info.plist */ = {isa = PBXFileReference; lastKnownFileType = text.plist.xml; path = Info.plist; sourceTree = "<group>"; };
		84198CB92076CC20003D6A28 /* CodeBuddyUITests.xctest */ = {isa = PBXFileReference; explicitFileType = wrapper.cfbundle; includeInIndex = 0; path = CodeBuddyUITests.xctest; sourceTree = BUILT_PRODUCTS_DIR; };
		84198CBD2076CC20003D6A28 /* CodeBuddyUITests.swift */ = {isa = PBXFileReference; lastKnownFileType = sourcecode.swift; path = CodeBuddyUITests.swift; sourceTree = "<group>"; };
		84198CBF2076CC20003D6A28 /* Info.plist */ = {isa = PBXFileReference; lastKnownFileType = text.plist.xml; path = Info.plist; sourceTree = "<group>"; };
		8421A00D20DC9C1D0082A273 /* GoogleService-Info.plist */ = {isa = PBXFileReference; fileEncoding = 4; lastKnownFileType = text.plist.xml; path = "GoogleService-Info.plist"; sourceTree = "<group>"; };
		842FA40E20A2EB5F006201C6 /* iconbeast-lite-300 */ = {isa = PBXFileReference; lastKnownFileType = folder; path = "iconbeast-lite-300"; sourceTree = "<group>"; };
		842FA40F20A2EB60006201C6 /* iconbeast-lite-200 */ = {isa = PBXFileReference; lastKnownFileType = folder; path = "iconbeast-lite-200"; sourceTree = "<group>"; };
		8435FFFF20D2548400B04782 /* SignUpViewController.swift */ = {isa = PBXFileReference; lastKnownFileType = sourcecode.swift; path = SignUpViewController.swift; sourceTree = "<group>"; };
		8498369D214A180900FC69BB /* Extensions.swift */ = {isa = PBXFileReference; lastKnownFileType = sourcecode.swift; path = Extensions.swift; sourceTree = "<group>"; };
		84AD97A0210C7D3C00FC35F6 /* SplashView.swift */ = {isa = PBXFileReference; lastKnownFileType = sourcecode.swift; path = SplashView.swift; sourceTree = "<group>"; };
		84F7115A20DB5F4700391A4F /* HomeViewController.swift */ = {isa = PBXFileReference; lastKnownFileType = sourcecode.swift; path = HomeViewController.swift; sourceTree = "<group>"; };
		84F7115C20DB5F6500391A4F /* NetworkViewController.swift */ = {isa = PBXFileReference; lastKnownFileType = sourcecode.swift; path = NetworkViewController.swift; sourceTree = "<group>"; };
		84F7115E20DB5F7000391A4F /* PostViewController.swift */ = {isa = PBXFileReference; lastKnownFileType = sourcecode.swift; path = PostViewController.swift; sourceTree = "<group>"; };
		84F7116020DB5F9800391A4F /* WorldViewController.swift */ = {isa = PBXFileReference; lastKnownFileType = sourcecode.swift; path = WorldViewController.swift; sourceTree = "<group>"; };
		84F7116220DB5FA500391A4F /* MeViewController.swift */ = {isa = PBXFileReference; lastKnownFileType = sourcecode.swift; path = MeViewController.swift; sourceTree = "<group>"; };
		84F7116420DC619400391A4F /* SplashViewController.swift */ = {isa = PBXFileReference; lastKnownFileType = sourcecode.swift; path = SplashViewController.swift; sourceTree = "<group>"; };
		84FECC54218ADB4F005F37E2 /* AuthService.swift */ = {isa = PBXFileReference; lastKnownFileType = sourcecode.swift; path = AuthService.swift; sourceTree = "<group>"; };
		84FECC56218AE8EA005F37E2 /* Config.swift */ = {isa = PBXFileReference; lastKnownFileType = sourcecode.swift; path = Config.swift; sourceTree = "<group>"; };
		AD900DDA6178B7E29DAC7881 /* Pods-CodeBuddyUITests.release.xcconfig */ = {isa = PBXFileReference; includeInIndex = 1; lastKnownFileType = text.xcconfig; name = "Pods-CodeBuddyUITests.release.xcconfig"; path = "Pods/Target Support Files/Pods-CodeBuddyUITests/Pods-CodeBuddyUITests.release.xcconfig"; sourceTree = "<group>"; };
		B00B19877BDD1ABFB4977141 /* Pods_CodeBuddyTests.framework */ = {isa = PBXFileReference; explicitFileType = wrapper.framework; includeInIndex = 0; path = Pods_CodeBuddyTests.framework; sourceTree = BUILT_PRODUCTS_DIR; };
		CCBE9F0D280EFB88DDDD5D9B /* Pods-CodeBuddyUITests.debug.xcconfig */ = {isa = PBXFileReference; includeInIndex = 1; lastKnownFileType = text.xcconfig; name = "Pods-CodeBuddyUITests.debug.xcconfig"; path = "Pods/Target Support Files/Pods-CodeBuddyUITests/Pods-CodeBuddyUITests.debug.xcconfig"; sourceTree = "<group>"; };
		D7152887FD00FE434077EDF0 /* Pods-CodeBuddyTests.debug.xcconfig */ = {isa = PBXFileReference; includeInIndex = 1; lastKnownFileType = text.xcconfig; name = "Pods-CodeBuddyTests.debug.xcconfig"; path = "Pods/Target Support Files/Pods-CodeBuddyTests/Pods-CodeBuddyTests.debug.xcconfig"; sourceTree = "<group>"; };
		EB9AF9FB9F57BD045B1D8576 /* Pods_CodeBuddy.framework */ = {isa = PBXFileReference; explicitFileType = wrapper.framework; includeInIndex = 0; path = Pods_CodeBuddy.framework; sourceTree = BUILT_PRODUCTS_DIR; };
/* End PBXFileReference section */

/* Begin PBXFrameworksBuildPhase section */
		84198C952076CC1F003D6A28 /* Frameworks */ = {
			isa = PBXFrameworksBuildPhase;
			buildActionMask = 2147483647;
			files = (
				84021A332192CF3700E5C0F9 /* JGProgressHUD.framework in Frameworks */,
				C369064A38B3D43765579C96 /* Pods_CodeBuddy.framework in Frameworks */,
			);
			runOnlyForDeploymentPostprocessing = 0;
		};
		84198CAB2076CC1F003D6A28 /* Frameworks */ = {
			isa = PBXFrameworksBuildPhase;
			buildActionMask = 2147483647;
			files = (
				92E849003DB9F263396A3810 /* Pods_CodeBuddyTests.framework in Frameworks */,
			);
			runOnlyForDeploymentPostprocessing = 0;
		};
		84198CB62076CC20003D6A28 /* Frameworks */ = {
			isa = PBXFrameworksBuildPhase;
			buildActionMask = 2147483647;
			files = (
				1A10A9BC23AB642BECE50EE8 /* Pods_CodeBuddyUITests.framework in Frameworks */,
			);
			runOnlyForDeploymentPostprocessing = 0;
		};
/* End PBXFrameworksBuildPhase section */

/* Begin PBXGroup section */
		68C66900DFE018A4DD2D6901 /* Pods */ = {
			isa = PBXGroup;
			children = (
				7D056495509A0623CA61BE97 /* Pods-CodeBuddy.debug.xcconfig */,
				5D65B6B2D8606A0C176AABF5 /* Pods-CodeBuddy.release.xcconfig */,
				D7152887FD00FE434077EDF0 /* Pods-CodeBuddyTests.debug.xcconfig */,
				6A9783962336BC1AB2497854 /* Pods-CodeBuddyTests.release.xcconfig */,
				CCBE9F0D280EFB88DDDD5D9B /* Pods-CodeBuddyUITests.debug.xcconfig */,
				AD900DDA6178B7E29DAC7881 /* Pods-CodeBuddyUITests.release.xcconfig */,
			);
			name = Pods;
			sourceTree = "<group>";
		};
		84021A2B2192CF2000E5C0F9 /* Products */ = {
			isa = PBXGroup;
			children = (
				84021A302192CF2000E5C0F9 /* JGProgressHUD.framework */,
				84021A322192CF2000E5C0F9 /* JGProgressHUD.framework */,
			);
			name = Products;
			sourceTree = "<group>";
		};
		84198C8F2076CC1F003D6A28 = {
			isa = PBXGroup;
			children = (
				84198C9A2076CC1F003D6A28 /* CodeBuddy */,
				84198CB12076CC1F003D6A28 /* CodeBuddyTests */,
				84198CBC2076CC20003D6A28 /* CodeBuddyUITests */,
				84198C992076CC1F003D6A28 /* Products */,
				68C66900DFE018A4DD2D6901 /* Pods */,
				BB9322E728A61ED513DF031E /* Frameworks */,
			);
			sourceTree = "<group>";
		};
		84198C992076CC1F003D6A28 /* Products */ = {
			isa = PBXGroup;
			children = (
				84198C982076CC1F003D6A28 /* CodeBuddy.app */,
				84198CAE2076CC1F003D6A28 /* CodeBuddyTests.xctest */,
				84198CB92076CC20003D6A28 /* CodeBuddyUITests.xctest */,
			);
			name = Products;
			sourceTree = "<group>";
		};
		84198C9A2076CC1F003D6A28 /* CodeBuddy */ = {
			isa = PBXGroup;
			children = (
				84198C9B2076CC1F003D6A28 /* AppDelegate.swift */,
				84FECC54218ADB4F005F37E2 /* AuthService.swift */,
				84FECC56218AE8EA005F37E2 /* Config.swift */,
				8498369D214A180900FC69BB /* Extensions.swift */,
				84F7116420DC619400391A4F /* SplashViewController.swift */,
				84AD97A0210C7D3C00FC35F6 /* SplashView.swift */,
				8435FFFF20D2548400B04782 /* SignUpViewController.swift */,
				8410CDD820D208610069F632 /* LoginViewController.swift */,
				84F7115A20DB5F4700391A4F /* HomeViewController.swift */,
				84F7115C20DB5F6500391A4F /* NetworkViewController.swift */,
				84F7115E20DB5F7000391A4F /* PostViewController.swift */,
				84F7116020DB5F9800391A4F /* WorldViewController.swift */,
				84F7116220DB5FA500391A4F /* MeViewController.swift */,
				84198CA12076CC1F003D6A28 /* Start.storyboard */,
				84198CA42076CC1F003D6A28 /* Assets.xcassets */,
				8421A00D20DC9C1D0082A273 /* GoogleService-Info.plist */,
				84198CA92076CC1F003D6A28 /* Info.plist */,
				84021A2A2192CF2000E5C0F9 /* JGProgressHUD.xcodeproj */,
				84021A282192CDF000E5C0F9 /* JGProgressHUD-master */,
				8418806F21917A6000AD9435 /* ProgressHUD-master */,
				8418806E21917A5F00AD9435 /* ProgressHUD.bundle */,
				8418807021917A6100AD9435 /* ProgressHUD.m */,
				8418807621917B3200AD9435 /* ProgressHUD.h */,
				842FA40F20A2EB60006201C6 /* iconbeast-lite-200 */,
				842FA40E20A2EB5F006201C6 /* iconbeast-lite-300 */,
				8418806C21917A5C00AD9435 /* CodeBuddy-Bridging-Header.h */,
			);
			path = CodeBuddy;
			sourceTree = "<group>";
		};
		84198CB12076CC1F003D6A28 /* CodeBuddyTests */ = {
			isa = PBXGroup;
			children = (
				84198CB22076CC20003D6A28 /* CodeBuddyTests.swift */,
				84198CB42076CC20003D6A28 /* Info.plist */,
			);
			path = CodeBuddyTests;
			sourceTree = "<group>";
		};
		84198CBC2076CC20003D6A28 /* CodeBuddyUITests */ = {
			isa = PBXGroup;
			children = (
				84198CBD2076CC20003D6A28 /* CodeBuddyUITests.swift */,
				84198CBF2076CC20003D6A28 /* Info.plist */,
			);
			path = CodeBuddyUITests;
			sourceTree = "<group>";
		};
		BB9322E728A61ED513DF031E /* Frameworks */ = {
			isa = PBXGroup;
			children = (
				EB9AF9FB9F57BD045B1D8576 /* Pods_CodeBuddy.framework */,
				B00B19877BDD1ABFB4977141 /* Pods_CodeBuddyTests.framework */,
				775CBD78119A940884AA340C /* Pods_CodeBuddyUITests.framework */,
			);
			name = Frameworks;
			sourceTree = "<group>";
		};
/* End PBXGroup section */

/* Begin PBXNativeTarget section */
		84198C972076CC1F003D6A28 /* CodeBuddy */ = {
			isa = PBXNativeTarget;
			buildConfigurationList = 84198CC22076CC20003D6A28 /* Build configuration list for PBXNativeTarget "CodeBuddy" */;
			buildPhases = (
				67D55643BB5475E67DF598E9 /* [CP] Check Pods Manifest.lock */,
				84198C942076CC1F003D6A28 /* Sources */,
				84198C952076CC1F003D6A28 /* Frameworks */,
				84198C962076CC1F003D6A28 /* Resources */,
				C9B71C3ADB516CE8663B8F4D /* [CP] Embed Pods Frameworks */,
				84021A372192CF3700E5C0F9 /* Embed Frameworks */,
			);
			buildRules = (
			);
			dependencies = (
				84021A362192CF3700E5C0F9 /* PBXTargetDependency */,
			);
			name = CodeBuddy;
			productName = CodeBuddy;
			productReference = 84198C982076CC1F003D6A28 /* CodeBuddy.app */;
			productType = "com.apple.product-type.application";
		};
		84198CAD2076CC1F003D6A28 /* CodeBuddyTests */ = {
			isa = PBXNativeTarget;
			buildConfigurationList = 84198CC52076CC20003D6A28 /* Build configuration list for PBXNativeTarget "CodeBuddyTests" */;
			buildPhases = (
				E309515AB99113B63E207E88 /* [CP] Check Pods Manifest.lock */,
				84198CAA2076CC1F003D6A28 /* Sources */,
				84198CAB2076CC1F003D6A28 /* Frameworks */,
				84198CAC2076CC1F003D6A28 /* Resources */,
			);
			buildRules = (
			);
			dependencies = (
				84198CB02076CC1F003D6A28 /* PBXTargetDependency */,
			);
			name = CodeBuddyTests;
			productName = CodeBuddyTests;
			productReference = 84198CAE2076CC1F003D6A28 /* CodeBuddyTests.xctest */;
			productType = "com.apple.product-type.bundle.unit-test";
		};
		84198CB82076CC20003D6A28 /* CodeBuddyUITests */ = {
			isa = PBXNativeTarget;
			buildConfigurationList = 84198CC82076CC20003D6A28 /* Build configuration list for PBXNativeTarget "CodeBuddyUITests" */;
			buildPhases = (
				A98D2E4A74A24814104FA162 /* [CP] Check Pods Manifest.lock */,
				84198CB52076CC20003D6A28 /* Sources */,
				84198CB62076CC20003D6A28 /* Frameworks */,
				84198CB72076CC20003D6A28 /* Resources */,
			);
			buildRules = (
			);
			dependencies = (
				84198CBB2076CC20003D6A28 /* PBXTargetDependency */,
			);
			name = CodeBuddyUITests;
			productName = CodeBuddyUITests;
			productReference = 84198CB92076CC20003D6A28 /* CodeBuddyUITests.xctest */;
			productType = "com.apple.product-type.bundle.ui-testing";
		};
/* End PBXNativeTarget section */

/* Begin PBXProject section */
		84198C902076CC1F003D6A28 /* Project object */ = {
			isa = PBXProject;
			attributes = {
				LastSwiftUpdateCheck = 0920;
				LastUpgradeCheck = 0920;
				ORGANIZATIONNAME = "Gavin Andrews";
				TargetAttributes = {
					84198C972076CC1F003D6A28 = {
						CreatedOnToolsVersion = 9.2;
						LastSwiftMigration = 1010;
						ProvisioningStyle = Automatic;
					};
					84198CAD2076CC1F003D6A28 = {
						CreatedOnToolsVersion = 9.2;
						ProvisioningStyle = Automatic;
						TestTargetID = 84198C972076CC1F003D6A28;
					};
					84198CB82076CC20003D6A28 = {
						CreatedOnToolsVersion = 9.2;
						ProvisioningStyle = Automatic;
						TestTargetID = 84198C972076CC1F003D6A28;
					};
				};
			};
			buildConfigurationList = 84198C932076CC1F003D6A28 /* Build configuration list for PBXProject "CodeBuddy" */;
			compatibilityVersion = "Xcode 8.0";
			developmentRegion = en;
			hasScannedForEncodings = 0;
			knownRegions = (
				en,
				Base,
			);
			mainGroup = 84198C8F2076CC1F003D6A28;
			productRefGroup = 84198C992076CC1F003D6A28 /* Products */;
			projectDirPath = "";
			projectReferences = (
				{
					ProductGroup = 84021A2B2192CF2000E5C0F9 /* Products */;
					ProjectRef = 84021A2A2192CF2000E5C0F9 /* JGProgressHUD.xcodeproj */;
				},
			);
			projectRoot = "";
			targets = (
				84198C972076CC1F003D6A28 /* CodeBuddy */,
				84198CAD2076CC1F003D6A28 /* CodeBuddyTests */,
				84198CB82076CC20003D6A28 /* CodeBuddyUITests */,
			);
		};
/* End PBXProject section */

/* Begin PBXReferenceProxy section */
		84021A302192CF2000E5C0F9 /* JGProgressHUD.framework */ = {
			isa = PBXReferenceProxy;
			fileType = wrapper.framework;
			path = JGProgressHUD.framework;
			remoteRef = 84021A2F2192CF2000E5C0F9 /* PBXContainerItemProxy */;
			sourceTree = BUILT_PRODUCTS_DIR;
		};
		84021A322192CF2000E5C0F9 /* JGProgressHUD.framework */ = {
			isa = PBXReferenceProxy;
			fileType = wrapper.framework;
			path = JGProgressHUD.framework;
			remoteRef = 84021A312192CF2000E5C0F9 /* PBXContainerItemProxy */;
			sourceTree = BUILT_PRODUCTS_DIR;
		};
/* End PBXReferenceProxy section */

/* Begin PBXResourcesBuildPhase section */
		84198C962076CC1F003D6A28 /* Resources */ = {
			isa = PBXResourcesBuildPhase;
			buildActionMask = 2147483647;
			files = (
				842FA41020A2EB60006201C6 /* iconbeast-lite-300 in Resources */,
				8418807321917A6300AD9435 /* ProgressHUD-master in Resources */,
				842FA41120A2EB60006201C6 /* iconbeast-lite-200 in Resources */,
				8418807221917A6300AD9435 /* ProgressHUD.bundle in Resources */,
				84021A292192CDF000E5C0F9 /* JGProgressHUD-master in Resources */,
				8421A00E20DC9C1D0082A273 /* GoogleService-Info.plist in Resources */,
				84198CA52076CC1F003D6A28 /* Assets.xcassets in Resources */,
				84198CA32076CC1F003D6A28 /* Start.storyboard in Resources */,
			);
			runOnlyForDeploymentPostprocessing = 0;
		};
		84198CAC2076CC1F003D6A28 /* Resources */ = {
			isa = PBXResourcesBuildPhase;
			buildActionMask = 2147483647;
			files = (
			);
			runOnlyForDeploymentPostprocessing = 0;
		};
		84198CB72076CC20003D6A28 /* Resources */ = {
			isa = PBXResourcesBuildPhase;
			buildActionMask = 2147483647;
			files = (
			);
			runOnlyForDeploymentPostprocessing = 0;
		};
/* End PBXResourcesBuildPhase section */

/* Begin PBXShellScriptBuildPhase section */
		67D55643BB5475E67DF598E9 /* [CP] Check Pods Manifest.lock */ = {
			isa = PBXShellScriptBuildPhase;
			buildActionMask = 2147483647;
			files = (
			);
			inputPaths = (
				"${PODS_PODFILE_DIR_PATH}/Podfile.lock",
				"${PODS_ROOT}/Manifest.lock",
			);
			name = "[CP] Check Pods Manifest.lock";
			outputPaths = (
				"$(DERIVED_FILE_DIR)/Pods-CodeBuddy-checkManifestLockResult.txt",
			);
			runOnlyForDeploymentPostprocessing = 0;
			shellPath = /bin/sh;
			shellScript = "diff \"${PODS_PODFILE_DIR_PATH}/Podfile.lock\" \"${PODS_ROOT}/Manifest.lock\" > /dev/null\nif [ $? != 0 ] ; then\n    # print error to STDERR\n    echo \"error: The sandbox is not in sync with the Podfile.lock. Run 'pod install' or update your CocoaPods installation.\" >&2\n    exit 1\nfi\n# This output is used by Xcode 'outputs' to avoid re-running this script phase.\necho \"SUCCESS\" > \"${SCRIPT_OUTPUT_FILE_0}\"\n";
			showEnvVarsInLog = 0;
		};
		A98D2E4A74A24814104FA162 /* [CP] Check Pods Manifest.lock */ = {
			isa = PBXShellScriptBuildPhase;
			buildActionMask = 2147483647;
			files = (
			);
			inputPaths = (
				"${PODS_PODFILE_DIR_PATH}/Podfile.lock",
				"${PODS_ROOT}/Manifest.lock",
			);
			name = "[CP] Check Pods Manifest.lock";
			outputPaths = (
				"$(DERIVED_FILE_DIR)/Pods-CodeBuddyUITests-checkManifestLockResult.txt",
			);
			runOnlyForDeploymentPostprocessing = 0;
			shellPath = /bin/sh;
			shellScript = "diff \"${PODS_PODFILE_DIR_PATH}/Podfile.lock\" \"${PODS_ROOT}/Manifest.lock\" > /dev/null\nif [ $? != 0 ] ; then\n    # print error to STDERR\n    echo \"error: The sandbox is not in sync with the Podfile.lock. Run 'pod install' or update your CocoaPods installation.\" >&2\n    exit 1\nfi\n# This output is used by Xcode 'outputs' to avoid re-running this script phase.\necho \"SUCCESS\" > \"${SCRIPT_OUTPUT_FILE_0}\"\n";
			showEnvVarsInLog = 0;
		};
		C9B71C3ADB516CE8663B8F4D /* [CP] Embed Pods Frameworks */ = {
			isa = PBXShellScriptBuildPhase;
			buildActionMask = 2147483647;
			files = (
			);
			inputPaths = (
				"${SRCROOT}/Pods/Target Support Files/Pods-CodeBuddy/Pods-CodeBuddy-frameworks.sh",
				"${BUILT_PRODUCTS_DIR}/Bolts/Bolts.framework",
				"${BUILT_PRODUCTS_DIR}/FBSDKCoreKit/FBSDKCoreKit.framework",
				"${BUILT_PRODUCTS_DIR}/FBSDKLoginKit/FBSDKLoginKit.framework",
				"${BUILT_PRODUCTS_DIR}/FBSDKShareKit/FBSDKShareKit.framework",
				"${BUILT_PRODUCTS_DIR}/FacebookCore/FacebookCore.framework",
				"${BUILT_PRODUCTS_DIR}/FacebookLogin/FacebookLogin.framework",
				"${BUILT_PRODUCTS_DIR}/FacebookShare/FacebookShare.framework",
				"${BUILT_PRODUCTS_DIR}/GTMSessionFetcher/GTMSessionFetcher.framework",
				"${BUILT_PRODUCTS_DIR}/GoogleUtilities/GoogleUtilities.framework",
				"${BUILT_PRODUCTS_DIR}/leveldb-library/leveldb.framework",
				"${BUILT_PRODUCTS_DIR}/nanopb/nanopb.framework",
			);
			name = "[CP] Embed Pods Frameworks";
			outputPaths = (
				"${TARGET_BUILD_DIR}/${FRAMEWORKS_FOLDER_PATH}/Bolts.framework",
				"${TARGET_BUILD_DIR}/${FRAMEWORKS_FOLDER_PATH}/FBSDKCoreKit.framework",
				"${TARGET_BUILD_DIR}/${FRAMEWORKS_FOLDER_PATH}/FBSDKLoginKit.framework",
				"${TARGET_BUILD_DIR}/${FRAMEWORKS_FOLDER_PATH}/FBSDKShareKit.framework",
				"${TARGET_BUILD_DIR}/${FRAMEWORKS_FOLDER_PATH}/FacebookCore.framework",
				"${TARGET_BUILD_DIR}/${FRAMEWORKS_FOLDER_PATH}/FacebookLogin.framework",
				"${TARGET_BUILD_DIR}/${FRAMEWORKS_FOLDER_PATH}/FacebookShare.framework",
				"${TARGET_BUILD_DIR}/${FRAMEWORKS_FOLDER_PATH}/GTMSessionFetcher.framework",
				"${TARGET_BUILD_DIR}/${FRAMEWORKS_FOLDER_PATH}/GoogleUtilities.framework",
				"${TARGET_BUILD_DIR}/${FRAMEWORKS_FOLDER_PATH}/leveldb.framework",
				"${TARGET_BUILD_DIR}/${FRAMEWORKS_FOLDER_PATH}/nanopb.framework",
			);
			runOnlyForDeploymentPostprocessing = 0;
			shellPath = /bin/sh;
			shellScript = "\"${SRCROOT}/Pods/Target Support Files/Pods-CodeBuddy/Pods-CodeBuddy-frameworks.sh\"\n";
			showEnvVarsInLog = 0;
		};
		E309515AB99113B63E207E88 /* [CP] Check Pods Manifest.lock */ = {
			isa = PBXShellScriptBuildPhase;
			buildActionMask = 2147483647;
			files = (
			);
			inputPaths = (
				"${PODS_PODFILE_DIR_PATH}/Podfile.lock",
				"${PODS_ROOT}/Manifest.lock",
			);
			name = "[CP] Check Pods Manifest.lock";
			outputPaths = (
				"$(DERIVED_FILE_DIR)/Pods-CodeBuddyTests-checkManifestLockResult.txt",
			);
			runOnlyForDeploymentPostprocessing = 0;
			shellPath = /bin/sh;
			shellScript = "diff \"${PODS_PODFILE_DIR_PATH}/Podfile.lock\" \"${PODS_ROOT}/Manifest.lock\" > /dev/null\nif [ $? != 0 ] ; then\n    # print error to STDERR\n    echo \"error: The sandbox is not in sync with the Podfile.lock. Run 'pod install' or update your CocoaPods installation.\" >&2\n    exit 1\nfi\n# This output is used by Xcode 'outputs' to avoid re-running this script phase.\necho \"SUCCESS\" > \"${SCRIPT_OUTPUT_FILE_0}\"\n";
			showEnvVarsInLog = 0;
		};
/* End PBXShellScriptBuildPhase section */

/* Begin PBXSourcesBuildPhase section */
		84198C942076CC1F003D6A28 /* Sources */ = {
			isa = PBXSourcesBuildPhase;
			buildActionMask = 2147483647;
			files = (
				84F7116320DB5FA500391A4F /* MeViewController.swift in Sources */,
				84F7115F20DB5F7000391A4F /* PostViewController.swift in Sources */,
				8410CDD920D208610069F632 /* LoginViewController.swift in Sources */,
				84FECC55218ADB4F005F37E2 /* AuthService.swift in Sources */,
				84198C9C2076CC1F003D6A28 /* AppDelegate.swift in Sources */,
				8435000020D2548400B04782 /* SignUpViewController.swift in Sources */,
				84FECC57218AE8EA005F37E2 /* Config.swift in Sources */,
				84F7116120DB5F9800391A4F /* WorldViewController.swift in Sources */,
				84F7115D20DB5F6500391A4F /* NetworkViewController.swift in Sources */,
				84AD97A1210C7D3C00FC35F6 /* SplashView.swift in Sources */,
				8418807421917A6300AD9435 /* ProgressHUD.m in Sources */,
				84F7115B20DB5F4700391A4F /* HomeViewController.swift in Sources */,
				8498369E214A180900FC69BB /* Extensions.swift in Sources */,
				84F7116520DC619400391A4F /* SplashViewController.swift in Sources */,
			);
			runOnlyForDeploymentPostprocessing = 0;
		};
		84198CAA2076CC1F003D6A28 /* Sources */ = {
			isa = PBXSourcesBuildPhase;
			buildActionMask = 2147483647;
			files = (
				84198CB32076CC20003D6A28 /* CodeBuddyTests.swift in Sources */,
			);
			runOnlyForDeploymentPostprocessing = 0;
		};
		84198CB52076CC20003D6A28 /* Sources */ = {
			isa = PBXSourcesBuildPhase;
			buildActionMask = 2147483647;
			files = (
				84198CBE2076CC20003D6A28 /* CodeBuddyUITests.swift in Sources */,
			);
			runOnlyForDeploymentPostprocessing = 0;
		};
/* End PBXSourcesBuildPhase section */

/* Begin PBXTargetDependency section */
		84021A362192CF3700E5C0F9 /* PBXTargetDependency */ = {
			isa = PBXTargetDependency;
			name = "JGProgressHUD-iOS";
			targetProxy = 84021A352192CF3700E5C0F9 /* PBXContainerItemProxy */;
		};
		84198CB02076CC1F003D6A28 /* PBXTargetDependency */ = {
			isa = PBXTargetDependency;
			target = 84198C972076CC1F003D6A28 /* CodeBuddy */;
			targetProxy = 84198CAF2076CC1F003D6A28 /* PBXContainerItemProxy */;
		};
		84198CBB2076CC20003D6A28 /* PBXTargetDependency */ = {
			isa = PBXTargetDependency;
			target = 84198C972076CC1F003D6A28 /* CodeBuddy */;
			targetProxy = 84198CBA2076CC20003D6A28 /* PBXContainerItemProxy */;
		};
/* End PBXTargetDependency section */

/* Begin PBXVariantGroup section */
		84198CA12076CC1F003D6A28 /* Start.storyboard */ = {
			isa = PBXVariantGroup;
			children = (
				84198CA22076CC1F003D6A28 /* Base */,
			);
			name = Start.storyboard;
			sourceTree = "<group>";
		};
/* End PBXVariantGroup section */

/* Begin XCBuildConfiguration section */
		84198CC02076CC20003D6A28 /* Debug */ = {
			isa = XCBuildConfiguration;
			buildSettings = {
				ALWAYS_SEARCH_USER_PATHS = NO;
				CLANG_ANALYZER_NONNULL = YES;
				CLANG_ANALYZER_NUMBER_OBJECT_CONVERSION = YES_AGGRESSIVE;
				CLANG_CXX_LANGUAGE_STANDARD = "gnu++14";
				CLANG_CXX_LIBRARY = "libc++";
				CLANG_ENABLE_MODULES = YES;
				CLANG_ENABLE_OBJC_ARC = YES;
				CLANG_WARN_BLOCK_CAPTURE_AUTORELEASING = YES;
				CLANG_WARN_BOOL_CONVERSION = YES;
				CLANG_WARN_COMMA = YES;
				CLANG_WARN_CONSTANT_CONVERSION = YES;
				CLANG_WARN_DIRECT_OBJC_ISA_USAGE = YES_ERROR;
				CLANG_WARN_DOCUMENTATION_COMMENTS = YES;
				CLANG_WARN_EMPTY_BODY = YES;
				CLANG_WARN_ENUM_CONVERSION = YES;
				CLANG_WARN_INFINITE_RECURSION = YES;
				CLANG_WARN_INT_CONVERSION = YES;
				CLANG_WARN_NON_LITERAL_NULL_CONVERSION = YES;
				CLANG_WARN_OBJC_LITERAL_CONVERSION = YES;
				CLANG_WARN_OBJC_ROOT_CLASS = YES_ERROR;
				CLANG_WARN_RANGE_LOOP_ANALYSIS = YES;
				CLANG_WARN_STRICT_PROTOTYPES = YES;
				CLANG_WARN_SUSPICIOUS_MOVE = YES;
				CLANG_WARN_UNGUARDED_AVAILABILITY = YES_AGGRESSIVE;
				CLANG_WARN_UNREACHABLE_CODE = YES;
				CLANG_WARN__DUPLICATE_METHOD_MATCH = YES;
				CODE_SIGN_IDENTITY = "iPhone Developer";
				COPY_PHASE_STRIP = NO;
				DEBUG_INFORMATION_FORMAT = dwarf;
				ENABLE_STRICT_OBJC_MSGSEND = YES;
				ENABLE_TESTABILITY = YES;
				GCC_C_LANGUAGE_STANDARD = gnu11;
				GCC_DYNAMIC_NO_PIC = NO;
				GCC_NO_COMMON_BLOCKS = YES;
				GCC_OPTIMIZATION_LEVEL = 0;
				GCC_PREPROCESSOR_DEFINITIONS = (
					"DEBUG=1",
					"$(inherited)",
				);
				GCC_WARN_64_TO_32_BIT_CONVERSION = YES;
				GCC_WARN_ABOUT_RETURN_TYPE = YES_ERROR;
				GCC_WARN_UNDECLARED_SELECTOR = YES;
				GCC_WARN_UNINITIALIZED_AUTOS = YES_AGGRESSIVE;
				GCC_WARN_UNUSED_FUNCTION = YES;
				GCC_WARN_UNUSED_VARIABLE = YES;
				IPHONEOS_DEPLOYMENT_TARGET = 11.2;
				MTL_ENABLE_DEBUG_INFO = YES;
				ONLY_ACTIVE_ARCH = YES;
				SDKROOT = iphoneos;
				SWIFT_ACTIVE_COMPILATION_CONDITIONS = DEBUG;
				SWIFT_OPTIMIZATION_LEVEL = "-Onone";
			};
			name = Debug;
		};
		84198CC12076CC20003D6A28 /* Release */ = {
			isa = XCBuildConfiguration;
			buildSettings = {
				ALWAYS_SEARCH_USER_PATHS = NO;
				CLANG_ANALYZER_NONNULL = YES;
				CLANG_ANALYZER_NUMBER_OBJECT_CONVERSION = YES_AGGRESSIVE;
				CLANG_CXX_LANGUAGE_STANDARD = "gnu++14";
				CLANG_CXX_LIBRARY = "libc++";
				CLANG_ENABLE_MODULES = YES;
				CLANG_ENABLE_OBJC_ARC = YES;
				CLANG_WARN_BLOCK_CAPTURE_AUTORELEASING = YES;
				CLANG_WARN_BOOL_CONVERSION = YES;
				CLANG_WARN_COMMA = YES;
				CLANG_WARN_CONSTANT_CONVERSION = YES;
				CLANG_WARN_DIRECT_OBJC_ISA_USAGE = YES_ERROR;
				CLANG_WARN_DOCUMENTATION_COMMENTS = YES;
				CLANG_WARN_EMPTY_BODY = YES;
				CLANG_WARN_ENUM_CONVERSION = YES;
				CLANG_WARN_INFINITE_RECURSION = YES;
				CLANG_WARN_INT_CONVERSION = YES;
				CLANG_WARN_NON_LITERAL_NULL_CONVERSION = YES;
				CLANG_WARN_OBJC_LITERAL_CONVERSION = YES;
				CLANG_WARN_OBJC_ROOT_CLASS = YES_ERROR;
				CLANG_WARN_RANGE_LOOP_ANALYSIS = YES;
				CLANG_WARN_STRICT_PROTOTYPES = YES;
				CLANG_WARN_SUSPICIOUS_MOVE = YES;
				CLANG_WARN_UNGUARDED_AVAILABILITY = YES_AGGRESSIVE;
				CLANG_WARN_UNREACHABLE_CODE = YES;
				CLANG_WARN__DUPLICATE_METHOD_MATCH = YES;
				CODE_SIGN_IDENTITY = "iPhone Developer";
				COPY_PHASE_STRIP = NO;
				DEBUG_INFORMATION_FORMAT = "dwarf-with-dsym";
				ENABLE_NS_ASSERTIONS = NO;
				ENABLE_STRICT_OBJC_MSGSEND = YES;
				GCC_C_LANGUAGE_STANDARD = gnu11;
				GCC_NO_COMMON_BLOCKS = YES;
				GCC_WARN_64_TO_32_BIT_CONVERSION = YES;
				GCC_WARN_ABOUT_RETURN_TYPE = YES_ERROR;
				GCC_WARN_UNDECLARED_SELECTOR = YES;
				GCC_WARN_UNINITIALIZED_AUTOS = YES_AGGRESSIVE;
				GCC_WARN_UNUSED_FUNCTION = YES;
				GCC_WARN_UNUSED_VARIABLE = YES;
				IPHONEOS_DEPLOYMENT_TARGET = 11.2;
				MTL_ENABLE_DEBUG_INFO = NO;
				SDKROOT = iphoneos;
				SWIFT_OPTIMIZATION_LEVEL = "-Owholemodule";
				VALIDATE_PRODUCT = YES;
			};
			name = Release;
		};
		84198CC32076CC20003D6A28 /* Debug */ = {
			isa = XCBuildConfiguration;
			baseConfigurationReference = 7D056495509A0623CA61BE97 /* Pods-CodeBuddy.debug.xcconfig */;
			buildSettings = {
				ASSETCATALOG_COMPILER_APPICON_NAME = AppIcon;
				CLANG_ENABLE_MODULES = YES;
				CODE_SIGN_STYLE = Automatic;
				DEVELOPMENT_TEAM = 6QKYFV46Y6;
				INFOPLIST_FILE = CodeBuddy/Info.plist;
				IPHONEOS_DEPLOYMENT_TARGET = 12.0;
				LD_RUNPATH_SEARCH_PATHS = "$(inherited) @executable_path/Frameworks";
				PRODUCT_BUNDLE_IDENTIFIER = Gavand.CodeBuddy;
				PRODUCT_NAME = "$(TARGET_NAME)";
				SWIFT_OBJC_BRIDGING_HEADER = "CodeBuddy/CodeBuddy-Bridging-Header.h";
				SWIFT_OPTIMIZATION_LEVEL = "-Onone";
				SWIFT_VERSION = 4.0;
				TARGETED_DEVICE_FAMILY = "1,2";
			};
			name = Debug;
		};
		84198CC42076CC20003D6A28 /* Release */ = {
			isa = XCBuildConfiguration;
			baseConfigurationReference = 5D65B6B2D8606A0C176AABF5 /* Pods-CodeBuddy.release.xcconfig */;
			buildSettings = {
				ASSETCATALOG_COMPILER_APPICON_NAME = AppIcon;
				CLANG_ENABLE_MODULES = YES;
				CODE_SIGN_STYLE = Automatic;
				DEVELOPMENT_TEAM = 6QKYFV46Y6;
				INFOPLIST_FILE = CodeBuddy/Info.plist;
				IPHONEOS_DEPLOYMENT_TARGET = 12.0;
				LD_RUNPATH_SEARCH_PATHS = "$(inherited) @executable_path/Frameworks";
				PRODUCT_BUNDLE_IDENTIFIER = Gavand.CodeBuddy;
				PRODUCT_NAME = "$(TARGET_NAME)";
				SWIFT_OBJC_BRIDGING_HEADER = "CodeBuddy/CodeBuddy-Bridging-Header.h";
				SWIFT_VERSION = 4.0;
				TARGETED_DEVICE_FAMILY = "1,2";
			};
			name = Release;
		};
		84198CC62076CC20003D6A28 /* Debug */ = {
			isa = XCBuildConfiguration;
			baseConfigurationReference = D7152887FD00FE434077EDF0 /* Pods-CodeBuddyTests.debug.xcconfig */;
			buildSettings = {
				ALWAYS_EMBED_SWIFT_STANDARD_LIBRARIES = YES;
				BUNDLE_LOADER = "$(TEST_HOST)";
				CODE_SIGN_STYLE = Automatic;
				DEVELOPMENT_TEAM = 6QKYFV46Y6;
				INFOPLIST_FILE = CodeBuddyTests/Info.plist;
				LD_RUNPATH_SEARCH_PATHS = "$(inherited) @executable_path/Frameworks @loader_path/Frameworks";
				PRODUCT_BUNDLE_IDENTIFIER = Gavand.CodeBuddyTests;
				PRODUCT_NAME = "$(TARGET_NAME)";
				SWIFT_VERSION = 4.0;
				TARGETED_DEVICE_FAMILY = "1,2";
				TEST_HOST = "$(BUILT_PRODUCTS_DIR)/CodeBuddy.app/CodeBuddy";
			};
			name = Debug;
		};
		84198CC72076CC20003D6A28 /* Release */ = {
			isa = XCBuildConfiguration;
			baseConfigurationReference = 6A9783962336BC1AB2497854 /* Pods-CodeBuddyTests.release.xcconfig */;
			buildSettings = {
				ALWAYS_EMBED_SWIFT_STANDARD_LIBRARIES = YES;
				BUNDLE_LOADER = "$(TEST_HOST)";
				CODE_SIGN_STYLE = Automatic;
				DEVELOPMENT_TEAM = 6QKYFV46Y6;
				INFOPLIST_FILE = CodeBuddyTests/Info.plist;
				LD_RUNPATH_SEARCH_PATHS = "$(inherited) @executable_path/Frameworks @loader_path/Frameworks";
				PRODUCT_BUNDLE_IDENTIFIER = Gavand.CodeBuddyTests;
				PRODUCT_NAME = "$(TARGET_NAME)";
				SWIFT_VERSION = 4.0;
				TARGETED_DEVICE_FAMILY = "1,2";
				TEST_HOST = "$(BUILT_PRODUCTS_DIR)/CodeBuddy.app/CodeBuddy";
			};
			name = Release;
		};
		84198CC92076CC20003D6A28 /* Debug */ = {
			isa = XCBuildConfiguration;
			baseConfigurationReference = CCBE9F0D280EFB88DDDD5D9B /* Pods-CodeBuddyUITests.debug.xcconfig */;
			buildSettings = {
				ALWAYS_EMBED_SWIFT_STANDARD_LIBRARIES = YES;
				CODE_SIGN_STYLE = Automatic;
				DEVELOPMENT_TEAM = 6QKYFV46Y6;
				INFOPLIST_FILE = CodeBuddyUITests/Info.plist;
				LD_RUNPATH_SEARCH_PATHS = "$(inherited) @executable_path/Frameworks @loader_path/Frameworks";
				PRODUCT_BUNDLE_IDENTIFIER = Gavand.CodeBuddyUITests;
				PRODUCT_NAME = "$(TARGET_NAME)";
				SWIFT_VERSION = 4.0;
				TARGETED_DEVICE_FAMILY = "1,2";
				TEST_TARGET_NAME = CodeBuddy;
			};
			name = Debug;
		};
		84198CCA2076CC20003D6A28 /* Release */ = {
			isa = XCBuildConfiguration;
			baseConfigurationReference = AD900DDA6178B7E29DAC7881 /* Pods-CodeBuddyUITests.release.xcconfig */;
			buildSettings = {
				ALWAYS_EMBED_SWIFT_STANDARD_LIBRARIES = YES;
				CODE_SIGN_STYLE = Automatic;
				DEVELOPMENT_TEAM = 6QKYFV46Y6;
				INFOPLIST_FILE = CodeBuddyUITests/Info.plist;
				LD_RUNPATH_SEARCH_PATHS = "$(inherited) @executable_path/Frameworks @loader_path/Frameworks";
				PRODUCT_BUNDLE_IDENTIFIER = Gavand.CodeBuddyUITests;
				PRODUCT_NAME = "$(TARGET_NAME)";
				SWIFT_VERSION = 4.0;
				TARGETED_DEVICE_FAMILY = "1,2";
				TEST_TARGET_NAME = CodeBuddy;
			};
			name = Release;
		};
/* End XCBuildConfiguration section */

/* Begin XCConfigurationList section */
		84198C932076CC1F003D6A28 /* Build configuration list for PBXProject "CodeBuddy" */ = {
			isa = XCConfigurationList;
			buildConfigurations = (
				84198CC02076CC20003D6A28 /* Debug */,
				84198CC12076CC20003D6A28 /* Release */,
			);
			defaultConfigurationIsVisible = 0;
			defaultConfigurationName = Release;
		};
		84198CC22076CC20003D6A28 /* Build configuration list for PBXNativeTarget "CodeBuddy" */ = {
			isa = XCConfigurationList;
			buildConfigurations = (
				84198CC32076CC20003D6A28 /* Debug */,
				84198CC42076CC20003D6A28 /* Release */,
			);
			defaultConfigurationIsVisible = 0;
			defaultConfigurationName = Release;
		};
		84198CC52076CC20003D6A28 /* Build configuration list for PBXNativeTarget "CodeBuddyTests" */ = {
			isa = XCConfigurationList;
			buildConfigurations = (
				84198CC62076CC20003D6A28 /* Debug */,
				84198CC72076CC20003D6A28 /* Release */,
			);
			defaultConfigurationIsVisible = 0;
			defaultConfigurationName = Release;
		};
		84198CC82076CC20003D6A28 /* Build configuration list for PBXNativeTarget "CodeBuddyUITests" */ = {
			isa = XCConfigurationList;
			buildConfigurations = (
				84198CC92076CC20003D6A28 /* Debug */,
				84198CCA2076CC20003D6A28 /* Release */,
			);
			defaultConfigurationIsVisible = 0;
			defaultConfigurationName = Release;
		};
/* End XCConfigurationList section */
	};
	rootObject = 84198C902076CC1F003D6A28 /* Project object */;
}
